
Microsoft Visual Studio Solution File, Format Version 12.00
# Visual Studio Version 16
VisualStudioVersion = 16.0.31005.135
MinimumVisualStudioVersion = 10.0.40219.1
Project("{FAE04EC0-301F-11D3-BF4B-00C04F79EFBC}") = "CarFactory", "CarFactory\CarFactory.csproj", "{E80D3830-B153-4E11-9E1E-49810F62F6E1}"
EndProject
Project("{FAE04EC0-301F-11D3-BF4B-00C04F79EFBC}") = "Sales", "Sales\Sales.csproj", "{F6F7BA91-A6FD-4275-9764-79E0776067EB}"
EndProject
Global
	GlobalSection(SolutionConfigurationPlatforms) = preSolution
		Debug|Any CPU = Debug|Any CPU
		Release|Any CPU = Release|Any CPU
	EndGlobalSection
	GlobalSection(ProjectConfigurationPlatforms) = postSolution
		{E80D3830-B153-4E11-9E1E-49810F62F6E1}.Debug|Any CPU.ActiveCfg = Debug|Any CPU
		{E80D3830-B153-4E11-9E1E-49810F62F6E1}.Debug|Any CPU.Build.0 = Debug|Any CPU
		{E80D3830-B153-4E11-9E1E-49810F62F6E1}.Release|Any CPU.ActiveCfg = Release|Any CPU
		{E80D3830-B153-4E11-9E1E-49810F62F6E1}.Release|Any CPU.Build.0 = Release|Any CPU
		{F6F7BA91-A6FD-4275-9764-79E0776067EB}.Debug|Any CPU.ActiveCfg = Debug|Any CPU
		{F6F7BA91-A6FD-4275-9764-79E0776067EB}.Debug|Any CPU.Build.0 = Debug|Any CPU
		{F6F7BA91-A6FD-4275-9764-79E0776067EB}.Release|Any CPU.ActiveCfg = Release|Any CPU
		{F6F7BA91-A6FD-4275-9764-79E0776067EB}.Release|Any CPU.Build.0 = Release|Any CPU
	EndGlobalSection
	GlobalSection(SolutionProperties) = preSolution
		HideSolutionNode = FALSE
	EndGlobalSection
	GlobalSection(ExtensibilityGlobals) = postSolution
		SolutionGuid = {69283E3A-13F2-4400-8735-6A5FC972D294}
	EndGlobalSection
EndGlobal
